// !$*UTF8*$!
{
	archiveVersion = 1;
	classes = {
	};
	objectVersion = 56;
	objects = {

/* Begin PBXBuildFile section */
		F57E5B902ABA579C00145328 /* AppDelegate.swift in Sources */ = {isa = PBXBuildFile; fileRef = F57E5B8F2ABA579C00145328 /* AppDelegate.swift */; };
		F57E5B922ABA579C00145328 /* SceneDelegate.swift in Sources */ = {isa = PBXBuildFile; fileRef = F57E5B912ABA579C00145328 /* SceneDelegate.swift */; };
		F57E5B942ABA579C00145328 /* ViewController.swift in Sources */ = {isa = PBXBuildFile; fileRef = F57E5B932ABA579C00145328 /* ViewController.swift */; };
		F57E5B972ABA579C00145328 /* Main.storyboard in Resources */ = {isa = PBXBuildFile; fileRef = F57E5B952ABA579C00145328 /* Main.storyboard */; };
		F57E5B992ABA579E00145328 /* Assets.xcassets in Resources */ = {isa = PBXBuildFile; fileRef = F57E5B982ABA579E00145328 /* Assets.xcassets */; };
		F57E5B9C2ABA579E00145328 /* LaunchScreen.storyboard in Resources */ = {isa = PBXBuildFile; fileRef = F57E5B9A2ABA579E00145328 /* LaunchScreen.storyboard */; };
		F57E5BA72ABA579E00145328 /* Lab2_iOSTests.swift in Sources */ = {isa = PBXBuildFile; fileRef = F57E5BA62ABA579E00145328 /* Lab2_iOSTests.swift */; };
		F57E5BB12ABA579E00145328 /* Lab2_iOSUITests.swift in Sources */ = {isa = PBXBuildFile; fileRef = F57E5BB02ABA579E00145328 /* Lab2_iOSUITests.swift */; };
		F57E5BB32ABA579E00145328 /* Lab2_iOSUITestsLaunchTests.swift in Sources */ = {isa = PBXBuildFile; fileRef = F57E5BB22ABA579E00145328 /* Lab2_iOSUITestsLaunchTests.swift */; };
/* End PBXBuildFile section */

/* Begin PBXContainerItemProxy section */
		F57E5BA32ABA579E00145328 /* PBXContainerItemProxy */ = {
			isa = PBXContainerItemProxy;
			containerPortal = F57E5B842ABA579C00145328 /* Project object */;
			proxyType = 1;
			remoteGlobalIDString = F57E5B8B2ABA579C00145328;
			remoteInfo = "Lab2-iOS";
		};
		F57E5BAD2ABA579E00145328 /* PBXContainerItemProxy */ = {
			isa = PBXContainerItemProxy;
			containerPortal = F57E5B842ABA579C00145328 /* Project object */;
			proxyType = 1;
			remoteGlobalIDString = F57E5B8B2ABA579C00145328;
			remoteInfo = "Lab2-iOS";
		};
/* End PBXContainerItemProxy section */

/* Begin PBXFileReference section */
		F57E5B8C2ABA579C00145328 /* Lab2-iOS.app */ = {isa = PBXFileReference; explicitFileType = wrapper.application; includeInIndex = 0; path = "Lab2-iOS.app"; sourceTree = BUILT_PRODUCTS_DIR; };
		F57E5B8F2ABA579C00145328 /* AppDelegate.swift */ = {isa = PBXFileReference; lastKnownFileType = sourcecode.swift; path = AppDelegate.swift; sourceTree = "<group>"; };
		F57E5B912ABA579C00145328 /* SceneDelegate.swift */ = {isa = PBXFileReference; lastKnownFileType = sourcecode.swift; path = SceneDelegate.swift; sourceTree = "<group>"; };
		F57E5B932ABA579C00145328 /* ViewController.swift */ = {isa = PBXFileReference; lastKnownFileType = sourcecode.swift; path = ViewController.swift; sourceTree = "<group>"; };
		F57E5B962ABA579C00145328 /* Base */ = {isa = PBXFileReference; lastKnownFileType = file.storyboard; name = Base; path = Base.lproj/Main.storyboard; sourceTree = "<group>"; };
		F57E5B982ABA579E00145328 /* Assets.xcassets */ = {isa = PBXFileReference; lastKnownFileType = folder.assetcatalog; path = Assets.xcassets; sourceTree = "<group>"; };
		F57E5B9B2ABA579E00145328 /* Base */ = {isa = PBXFileReference; lastKnownFileType = file.storyboard; name = Base; path = Base.lproj/LaunchScreen.storyboard; sourceTree = "<group>"; };
		F57E5B9D2ABA579E00145328 /* Info.plist */ = {isa = PBXFileReference; lastKnownFileType = text.plist.xml; path = Info.plist; sourceTree = "<group>"; };
		F57E5BA22ABA579E00145328 /* Lab2-iOSTests.xctest */ = {isa = PBXFileReference; explicitFileType = wrapper.cfbundle; includeInIndex = 0; path = "Lab2-iOSTests.xctest"; sourceTree = BUILT_PRODUCTS_DIR; };
		F57E5BA62ABA579E00145328 /* Lab2_iOSTests.swift */ = {isa = PBXFileReference; lastKnownFileType = sourcecode.swift; path = Lab2_iOSTests.swift; sourceTree = "<group>"; };
		F57E5BAC2ABA579E00145328 /* Lab2-iOSUITests.xctest */ = {isa = PBXFileReference; explicitFileType = wrapper.cfbundle; includeInIndex = 0; path = "Lab2-iOSUITests.xctest"; sourceTree = BUILT_PRODUCTS_DIR; };
		F57E5BB02ABA579E00145328 /* Lab2_iOSUITests.swift */ = {isa = PBXFileReference; lastKnownFileType = sourcecode.swift; path = Lab2_iOSUITests.swift; sourceTree = "<group>"; };
		F57E5BB22ABA579E00145328 /* Lab2_iOSUITestsLaunchTests.swift */ = {isa = PBXFileReference; lastKnownFileType = sourcecode.swift; path = Lab2_iOSUITestsLaunchTests.swift; sourceTree = "<group>"; };
/* End PBXFileReference section */

/* Begin PBXFrameworksBuildPhase section */
		F57E5B892ABA579C00145328 /* Frameworks */ = {
			isa = PBXFrameworksBuildPhase;
			buildActionMask = 2147483647;
			files = (
			);
			runOnlyForDeploymentPostprocessing = 0;
		};
		F57E5B9F2ABA579E00145328 /* Frameworks */ = {
			isa = PBXFrameworksBuildPhase;
			buildActionMask = 2147483647;
			files = (
			);
			runOnlyForDeploymentPostprocessing = 0;
		};
		F57E5BA92ABA579E00145328 /* Frameworks */ = {
			isa = PBXFrameworksBuildPhase;
			buildActionMask = 2147483647;
			files = (
			);
			runOnlyForDeploymentPostprocessing = 0;
		};
/* End PBXFrameworksBuildPhase section */

/* Begin PBXGroup section */
		F57E5B832ABA579C00145328 = {
			isa = PBXGroup;
			children = (
				F57E5B8E2ABA579C00145328 /* Lab2-iOS */,
				F57E5BA52ABA579E00145328 /* Lab2-iOSTests */,
				F57E5BAF2ABA579E00145328 /* Lab2-iOSUITests */,
				F57E5B8D2ABA579C00145328 /* Products */,
			);
			sourceTree = "<group>";
		};
		F57E5B8D2ABA579C00145328 /* Products */ = {
			isa = PBXGroup;
			children = (
				F57E5B8C2ABA579C00145328 /* Lab2-iOS.app */,
				F57E5BA22ABA579E00145328 /* Lab2-iOSTests.xctest */,
				F57E5BAC2ABA579E00145328 /* Lab2-iOSUITests.xctest */,
			);
			name = Products;
			sourceTree = "<group>";
		};
		F57E5B8E2ABA579C00145328 /* Lab2-iOS */ = {
			isa = PBXGroup;
			children = (
				F57E5B8F2ABA579C00145328 /* AppDelegate.swift */,
				F57E5B912ABA579C00145328 /* SceneDelegate.swift */,
				F57E5B932ABA579C00145328 /* ViewController.swift */,
				F57E5B952ABA579C00145328 /* Main.storyboard */,
				F57E5B982ABA579E00145328 /* Assets.xcassets */,
				F57E5B9A2ABA579E00145328 /* LaunchScreen.storyboard */,
				F57E5B9D2ABA579E00145328 /* Info.plist */,
			);
			path = "Lab2-iOS";
			sourceTree = "<group>";
		};
		F57E5BA52ABA579E00145328 /* Lab2-iOSTests */ = {
			isa = PBXGroup;
			children = (
				F57E5BA62ABA579E00145328 /* Lab2_iOSTests.swift */,
			);
			path = "Lab2-iOSTests";
			sourceTree = "<group>";
		};
		F57E5BAF2ABA579E00145328 /* Lab2-iOSUITests */ = {
			isa = PBXGroup;
			children = (
				F57E5BB02ABA579E00145328 /* Lab2_iOSUITests.swift */,
				F57E5BB22ABA579E00145328 /* Lab2_iOSUITestsLaunchTests.swift */,
			);
			path = "Lab2-iOSUITests";
			sourceTree = "<group>";
		};
/* End PBXGroup section */

/* Begin PBXNativeTarget section */
		F57E5B8B2ABA579C00145328 /* Lab2-iOS */ = {
			isa = PBXNativeTarget;
			buildConfigurationList = F57E5BB62ABA579E00145328 /* Build configuration list for PBXNativeTarget "Lab2-iOS" */;
			buildPhases = (
				F57E5B882ABA579C00145328 /* Sources */,
				F57E5B892ABA579C00145328 /* Frameworks */,
				F57E5B8A2ABA579C00145328 /* Resources */,
			);
			buildRules = (
			);
			dependencies = (
			);
			name = "Lab2-iOS";
			productName = "Lab2-iOS";
			productReference = F57E5B8C2ABA579C00145328 /* Lab2-iOS.app */;
			productType = "com.apple.product-type.application";
		};
		F57E5BA12ABA579E00145328 /* Lab2-iOSTests */ = {
			isa = PBXNativeTarget;
			buildConfigurationList = F57E5BB92ABA579E00145328 /* Build configuration list for PBXNativeTarget "Lab2-iOSTests" */;
			buildPhases = (
				F57E5B9E2ABA579E00145328 /* Sources */,
				F57E5B9F2ABA579E00145328 /* Frameworks */,
				F57E5BA02ABA579E00145328 /* Resources */,
			);
			buildRules = (
			);
			dependencies = (
				F57E5BA42ABA579E00145328 /* PBXTargetDependency */,
			);
			name = "Lab2-iOSTests";
			productName = "Lab2-iOSTests";
			productReference = F57E5BA22ABA579E00145328 /* Lab2-iOSTests.xctest */;
			productType = "com.apple.product-type.bundle.unit-test";
		};
		F57E5BAB2ABA579E00145328 /* Lab2-iOSUITests */ = {
			isa = PBXNativeTarget;
			buildConfigurationList = F57E5BBC2ABA579E00145328 /* Build configuration list for PBXNativeTarget "Lab2-iOSUITests" */;
			buildPhases = (
				F57E5BA82ABA579E00145328 /* Sources */,
				F57E5BA92ABA579E00145328 /* Frameworks */,
				F57E5BAA2ABA579E00145328 /* Resources */,
			);
			buildRules = (
			);
			dependencies = (
				F57E5BAE2ABA579E00145328 /* PBXTargetDependency */,
			);
			name = "Lab2-iOSUITests";
			productName = "Lab2-iOSUITests";
			productReference = F57E5BAC2ABA579E00145328 /* Lab2-iOSUITests.xctest */;
			productType = "com.apple.product-type.bundle.ui-testing";
		};
/* End PBXNativeTarget section */

/* Begin PBXProject section */
		F57E5B842ABA579C00145328 /* Project object */ = {
			isa = PBXProject;
			attributes = {
				BuildIndependentTargetsInParallel = 1;
				LastSwiftUpdateCheck = 1430;
				LastUpgradeCheck = 1430;
				TargetAttributes = {
					F57E5B8B2ABA579C00145328 = {
						CreatedOnToolsVersion = 14.3.1;
					};
					F57E5BA12ABA579E00145328 = {
						CreatedOnToolsVersion = 14.3.1;
						TestTargetID = F57E5B8B2ABA579C00145328;
					};
					F57E5BAB2ABA579E00145328 = {
						CreatedOnToolsVersion = 14.3.1;
						TestTargetID = F57E5B8B2ABA579C00145328;
					};
				};
			};
			buildConfigurationList = F57E5B872ABA579C00145328 /* Build configuration list for PBXProject "Lab2-iOS" */;
			compatibilityVersion = "Xcode 14.0";
			developmentRegion = en;
			hasScannedForEncodings = 0;
			knownRegions = (
				en,
				Base,
			);
			mainGroup = F57E5B832ABA579C00145328;
			productRefGroup = F57E5B8D2ABA579C00145328 /* Products */;
			projectDirPath = "";
			projectRoot = "";
			targets = (
				F57E5B8B2ABA579C00145328 /* Lab2-iOS */,
				F57E5BA12ABA579E00145328 /* Lab2-iOSTests */,
				F57E5BAB2ABA579E00145328 /* Lab2-iOSUITests */,
			);
		};
/* End PBXProject section */

/* Begin PBXResourcesBuildPhase section */
		F57E5B8A2ABA579C00145328 /* Resources */ = {
			isa = PBXResourcesBuildPhase;
			buildActionMask = 2147483647;
			files = (
				F57E5B9C2ABA579E00145328 /* LaunchScreen.storyboard in Resources */,
				F57E5B992ABA579E00145328 /* Assets.xcassets in Resources */,
				F57E5B972ABA579C00145328 /* Main.storyboard in Resources */,
			);
			runOnlyForDeploymentPostprocessing = 0;
		};
		F57E5BA02ABA579E00145328 /* Resources */ = {
			isa = PBXResourcesBuildPhase;
			buildActionMask = 2147483647;
			files = (
			);
			runOnlyForDeploymentPostprocessing = 0;
		};
		F57E5BAA2ABA579E00145328 /* Resources */ = {
			isa = PBXResourcesBuildPhase;
			buildActionMask = 2147483647;
			files = (
			);
			runOnlyForDeploymentPostprocessing = 0;
		};
/* End PBXResourcesBuildPhase section */

/* Begin PBXSourcesBuildPhase section */
		F57E5B882ABA579C00145328 /* Sources */ = {
			isa = PBXSourcesBuildPhase;
			buildActionMask = 2147483647;
			files = (
				F57E5B942ABA579C00145328 /* ViewController.swift in Sources */,
				F57E5B902ABA579C00145328 /* AppDelegate.swift in Sources */,
				F57E5B922ABA579C00145328 /* SceneDelegate.swift in Sources */,
			);
			runOnlyForDeploymentPostprocessing = 0;
		};
		F57E5B9E2ABA579E00145328 /* Sources */ = {
			isa = PBXSourcesBuildPhase;
			buildActionMask = 2147483647;
			files = (
				F57E5BA72ABA579E00145328 /* Lab2_iOSTests.swift in Sources */,
			);
			runOnlyForDeploymentPostprocessing = 0;
		};
		F57E5BA82ABA579E00145328 /* Sources */ = {
			isa = PBXSourcesBuildPhase;
			buildActionMask = 2147483647;
			files = (
				F57E5BB32ABA579E00145328 /* Lab2_iOSUITestsLaunchTests.swift in Sources */,
				F57E5BB12ABA579E00145328 /* Lab2_iOSUITests.swift in Sources */,
			);
			runOnlyForDeploymentPostprocessing = 0;
		};
/* End PBXSourcesBuildPhase section */

/* Begin PBXTargetDependency section */
		F57E5BA42ABA579E00145328 /* PBXTargetDependency */ = {
			isa = PBXTargetDependency;
			target = F57E5B8B2ABA579C00145328 /* Lab2-iOS */;
			targetProxy = F57E5BA32ABA579E00145328 /* PBXContainerItemProxy */;
		};
		F57E5BAE2ABA579E00145328 /* PBXTargetDependency */ = {
			isa = PBXTargetDependency;
			target = F57E5B8B2ABA579C00145328 /* Lab2-iOS */;
			targetProxy = F57E5BAD2ABA579E00145328 /* PBXContainerItemProxy */;
		};
/* End PBXTargetDependency section */

/* Begin PBXVariantGroup section */
		F57E5B952ABA579C00145328 /* Main.storyboard */ = {
			isa = PBXVariantGroup;
			children = (
				F57E5B962ABA579C00145328 /* Base */,
			);
			name = Main.storyboard;
			sourceTree = "<group>";
		};
		F57E5B9A2ABA579E00145328 /* LaunchScreen.storyboard */ = {
			isa = PBXVariantGroup;
			children = (
				F57E5B9B2ABA579E00145328 /* Base */,
			);
			name = LaunchScreen.storyboard;
			sourceTree = "<group>";
		};
/* End PBXVariantGroup section */

/* Begin XCBuildConfiguration section */
		F57E5BB42ABA579E00145328 /* Debug */ = {
			isa = XCBuildConfiguration;
			buildSettings = {
				ALWAYS_SEARCH_USER_PATHS = NO;
				CLANG_ANALYZER_NONNULL = YES;
				CLANG_ANALYZER_NUMBER_OBJECT_CONVERSION = YES_AGGRESSIVE;
				CLANG_CXX_LANGUAGE_STANDARD = "gnu++20";
				CLANG_ENABLE_MODULES = YES;
				CLANG_ENABLE_OBJC_ARC = YES;
				CLANG_ENABLE_OBJC_WEAK = YES;
				CLANG_WARN_BLOCK_CAPTURE_AUTORELEASING = YES;
				CLANG_WARN_BOOL_CONVERSION = YES;
				CLANG_WARN_COMMA = YES;
				CLANG_WARN_CONSTANT_CONVERSION = YES;
				CLANG_WARN_DEPRECATED_OBJC_IMPLEMENTATIONS = YES;
				CLANG_WARN_DIRECT_OBJC_ISA_USAGE = YES_ERROR;
				CLANG_WARN_DOCUMENTATION_COMMENTS = YES;
				CLANG_WARN_EMPTY_BODY = YES;
				CLANG_WARN_ENUM_CONVERSION = YES;
				CLANG_WARN_INFINITE_RECURSION = YES;
				CLANG_WARN_INT_CONVERSION = YES;
				CLANG_WARN_NON_LITERAL_NULL_CONVERSION = YES;
				CLANG_WARN_OBJC_IMPLICIT_RETAIN_SELF = YES;
				CLANG_WARN_OBJC_LITERAL_CONVERSION = YES;
				CLANG_WARN_OBJC_ROOT_CLASS = YES_ERROR;
				CLANG_WARN_QUOTED_INCLUDE_IN_FRAMEWORK_HEADER = YES;
				CLANG_WARN_RANGE_LOOP_ANALYSIS = YES;
				CLANG_WARN_STRICT_PROTOTYPES = YES;
				CLANG_WARN_SUSPICIOUS_MOVE = YES;
				CLANG_WARN_UNGUARDED_AVAILABILITY = YES_AGGRESSIVE;
				CLANG_WARN_UNREACHABLE_CODE = YES;
				CLANG_WARN__DUPLICATE_METHOD_MATCH = YES;
				COPY_PHASE_STRIP = NO;
				DEBUG_INFORMATION_FORMAT = dwarf;
				ENABLE_STRICT_OBJC_MSGSEND = YES;
				ENABLE_TESTABILITY = YES;
				GCC_C_LANGUAGE_STANDARD = gnu11;
				GCC_DYNAMIC_NO_PIC = NO;
				GCC_NO_COMMON_BLOCKS = YES;
				GCC_OPTIMIZATION_LEVEL = 0;
				GCC_PREPROCESSOR_DEFINITIONS = (
					"DEBUG=1",
					"$(inherited)",
				);
				GCC_WARN_64_TO_32_BIT_CONVERSION = YES;
				GCC_WARN_ABOUT_RETURN_TYPE = YES_ERROR;
				GCC_WARN_UNDECLARED_SELECTOR = YES;
				GCC_WARN_UNINITIALIZED_AUTOS = YES_AGGRESSIVE;
				GCC_WARN_UNUSED_FUNCTION = YES;
				GCC_WARN_UNUSED_VARIABLE = YES;
				IPHONEOS_DEPLOYMENT_TARGET = 16.4;
				MTL_ENABLE_DEBUG_INFO = INCLUDE_SOURCE;
				MTL_FAST_MATH = YES;
				ONLY_ACTIVE_ARCH = YES;
				SDKROOT = iphoneos;
				SWIFT_ACTIVE_COMPILATION_CONDITIONS = DEBUG;
				SWIFT_OPTIMIZATION_LEVEL = "-Onone";
			};
			name = Debug;
		};
		F57E5BB52ABA579E00145328 /* Release */ = {
			isa = XCBuildConfiguration;
			buildSettings = {
				ALWAYS_SEARCH_USER_PATHS = NO;
				CLANG_ANALYZER_NONNULL = YES;
				CLANG_ANALYZER_NUMBER_OBJECT_CONVERSION = YES_AGGRESSIVE;
				CLANG_CXX_LANGUAGE_STANDARD = "gnu++20";
				CLANG_ENABLE_MODULES = YES;
				CLANG_ENABLE_OBJC_ARC = YES;
				CLANG_ENABLE_OBJC_WEAK = YES;
				CLANG_WARN_BLOCK_CAPTURE_AUTORELEASING = YES;
				CLANG_WARN_BOOL_CONVERSION = YES;
				CLANG_WARN_COMMA = YES;
				CLANG_WARN_CONSTANT_CONVERSION = YES;
				CLANG_WARN_DEPRECATED_OBJC_IMPLEMENTATIONS = YES;
				CLANG_WARN_DIRECT_OBJC_ISA_USAGE = YES_ERROR;
				CLANG_WARN_DOCUMENTATION_COMMENTS = YES;
				CLANG_WARN_EMPTY_BODY = YES;
				CLANG_WARN_ENUM_CONVERSION = YES;
				CLANG_WARN_INFINITE_RECURSION = YES;
				CLANG_WARN_INT_CONVERSION = YES;
				CLANG_WARN_NON_LITERAL_NULL_CONVERSION = YES;
				CLANG_WARN_OBJC_IMPLICIT_RETAIN_SELF = YES;
				CLANG_WARN_OBJC_LITERAL_CONVERSION = YES;
				CLANG_WARN_OBJC_ROOT_CLASS = YES_ERROR;
				CLANG_WARN_QUOTED_INCLUDE_IN_FRAMEWORK_HEADER = YES;
				CLANG_WARN_RANGE_LOOP_ANALYSIS = YES;
				CLANG_WARN_STRICT_PROTOTYPES = YES;
				CLANG_WARN_SUSPICIOUS_MOVE = YES;
				CLANG_WARN_UNGUARDED_AVAILABILITY = YES_AGGRESSIVE;
				CLANG_WARN_UNREACHABLE_CODE = YES;
				CLANG_WARN__DUPLICATE_METHOD_MATCH = YES;
				COPY_PHASE_STRIP = NO;
				DEBUG_INFORMATION_FORMAT = "dwarf-with-dsym";
				ENABLE_NS_ASSERTIONS = NO;
				ENABLE_STRICT_OBJC_MSGSEND = YES;
				GCC_C_LANGUAGE_STANDARD = gnu11;
				GCC_NO_COMMON_BLOCKS = YES;
				GCC_WARN_64_TO_32_BIT_CONVERSION = YES;
				GCC_WARN_ABOUT_RETURN_TYPE = YES_ERROR;
				GCC_WARN_UNDECLARED_SELECTOR = YES;
				GCC_WARN_UNINITIALIZED_AUTOS = YES_AGGRESSIVE;
				GCC_WARN_UNUSED_FUNCTION = YES;
				GCC_WARN_UNUSED_VARIABLE = YES;
				IPHONEOS_DEPLOYMENT_TARGET = 16.4;
				MTL_ENABLE_DEBUG_INFO = NO;
				MTL_FAST_MATH = YES;
				SDKROOT = iphoneos;
				SWIFT_COMPILATION_MODE = wholemodule;
				SWIFT_OPTIMIZATION_LEVEL = "-O";
				VALIDATE_PRODUCT = YES;
			};
			name = Release;
		};
		F57E5BB72ABA579E00145328 /* Debug */ = {
			isa = XCBuildConfiguration;
			buildSettings = {
				ASSETCATALOG_COMPILER_APPICON_NAME = AppIcon;
				ASSETCATALOG_COMPILER_GLOBAL_ACCENT_COLOR_NAME = AccentColor;
				CODE_SIGN_STYLE = Automatic;
				CURRENT_PROJECT_VERSION = 1;
				DEVELOPMENT_TEAM = 8WLH83G2DS;
				GENERATE_INFOPLIST_FILE = YES;
				INFOPLIST_FILE = "Lab2-iOS/Info.plist";
				INFOPLIST_KEY_UIApplicationSupportsIndirectInputEvents = YES;
				INFOPLIST_KEY_UILaunchStoryboardName = LaunchScreen;
				INFOPLIST_KEY_UIMainStoryboardFile = Main;
				INFOPLIST_KEY_UISupportedInterfaceOrientations = UIInterfaceOrientationPortrait;
				INFOPLIST_KEY_UISupportedInterfaceOrientations_iPad = "UIInterfaceOrientationLandscapeLeft UIInterfaceOrientationLandscapeRight UIInterfaceOrientationPortrait UIInterfaceOrientationPortraitUpsideDown";
				LD_RUNPATH_SEARCH_PATHS = (
					"$(inherited)",
					"@executable_path/Frameworks",
				);
				MARKETING_VERSION = 1.0;
				PRODUCT_BUNDLE_IDENTIFIER = "com.conestoga.Lab2-iOS";
				PRODUCT_NAME = "$(TARGET_NAME)";
				SWIFT_EMIT_LOC_STRINGS = YES;
				SWIFT_VERSION = 5.0;
				TARGETED_DEVICE_FAMILY = "1,2";
			};
			name = Debug;
		};
		F57E5BB82ABA579E00145328 /* Release */ = {
			isa = XCBuildConfiguration;
			buildSettings = {
				ASSETCATALOG_COMPILER_APPICON_NAME = AppIcon;
				ASSETCATALOG_COMPILER_GLOBAL_ACCENT_COLOR_NAME = AccentColor;
				CODE_SIGN_STYLE = Automatic;
				CURRENT_PROJECT_VERSION = 1;
				DEVELOPMENT_TEAM = 8WLH83G2DS;
				GENERATE_INFOPLIST_FILE = YES;
				INFOPLIST_FILE = "Lab2-iOS/Info.plist";
				INFOPLIST_KEY_UIApplicationSupportsIndirectInputEvents = YES;
				INFOPLIST_KEY_UILaunchStoryboardName = LaunchScreen;
				INFOPLIST_KEY_UIMainStoryboardFile = Main;
				INFOPLIST_KEY_UISupportedInterfaceOrientations = UIInterfaceOrientationPortrait;
				INFOPLIST_KEY_UISupportedInterfaceOrientations_iPad = "UIInterfaceOrientationLandscapeLeft UIInterfaceOrientationLandscapeRight UIInterfaceOrientationPortrait UIInterfaceOrientationPortraitUpsideDown";
				LD_RUNPATH_SEARCH_PATHS = (
					"$(inherited)",
					"@executable_path/Frameworks",
				);
				MARKETING_VERSION = 1.0;
				PRODUCT_BUNDLE_IDENTIFIER = "com.conestoga.Lab2-iOS";
				PRODUCT_NAME = "$(TARGET_NAME)";
				SWIFT_EMIT_LOC_STRINGS = YES;
				SWIFT_VERSION = 5.0;
				TARGETED_DEVICE_FAMILY = "1,2";
			};
			name = Release;
		};
		F57E5BBA2ABA579E00145328 /* Debug */ = {
			isa = XCBuildConfiguration;
			buildSettings = {
				ALWAYS_EMBED_SWIFT_STANDARD_LIBRARIES = YES;
				BUNDLE_LOADER = "$(TEST_HOST)";
				CODE_SIGN_STYLE = Automatic;
				CURRENT_PROJECT_VERSION = 1;
				DEVELOPMENT_TEAM = 8WLH83G2DS;
				GENERATE_INFOPLIST_FILE = YES;
				IPHONEOS_DEPLOYMENT_TARGET = 16.4;
				MARKETING_VERSION = 1.0;
				PRODUCT_BUNDLE_IDENTIFIER = "com.conestoga.Lab2-iOSTests";
				PRODUCT_NAME = "$(TARGET_NAME)";
				SWIFT_EMIT_LOC_STRINGS = NO;
				SWIFT_VERSION = 5.0;
				TARGETED_DEVICE_FAMILY = "1,2";
				TEST_HOST = "$(BUILT_PRODUCTS_DIR)/Lab2-iOS.app/$(BUNDLE_EXECUTABLE_FOLDER_PATH)/Lab2-iOS";
			};
			name = Debug;
		};
		F57E5BBB2ABA579E00145328 /* Release */ = {
			isa = XCBuildConfiguration;
			buildSettings = {
				ALWAYS_EMBED_SWIFT_STANDARD_LIBRARIES = YES;
				BUNDLE_LOADER = "$(TEST_HOST)";
				CODE_SIGN_STYLE = Automatic;
				CURRENT_PROJECT_VERSION = 1;
				DEVELOPMENT_TEAM = 8WLH83G2DS;
				GENERATE_INFOPLIST_FILE = YES;
				IPHONEOS_DEPLOYMENT_TARGET = 16.4;
				MARKETING_VERSION = 1.0;
				PRODUCT_BUNDLE_IDENTIFIER = "com.conestoga.Lab2-iOSTests";
				PRODUCT_NAME = "$(TARGET_NAME)";
				SWIFT_EMIT_LOC_STRINGS = NO;
				SWIFT_VERSION = 5.0;
				TARGETED_DEVICE_FAMILY = "1,2";
				TEST_HOST = "$(BUILT_PRODUCTS_DIR)/Lab2-iOS.app/$(BUNDLE_EXECUTABLE_FOLDER_PATH)/Lab2-iOS";
			};
			name = Release;
		};
		F57E5BBD2ABA579E00145328 /* Debug */ = {
			isa = XCBuildConfiguration;
			buildSettings = {
				ALWAYS_EMBED_SWIFT_STANDARD_LIBRARIES = YES;
				CODE_SIGN_STYLE = Automatic;
				CURRENT_PROJECT_VERSION = 1;
				DEVELOPMENT_TEAM = 8WLH83G2DS;
				GENERATE_INFOPLIST_FILE = YES;
				MARKETING_VERSION = 1.0;
				PRODUCT_BUNDLE_IDENTIFIER = "com.conestoga.Lab2-iOSUITests";
				PRODUCT_NAME = "$(TARGET_NAME)";
				SWIFT_EMIT_LOC_STRINGS = NO;
				SWIFT_VERSION = 5.0;
				TARGETED_DEVICE_FAMILY = "1,2";
				TEST_TARGET_NAME = "Lab2-iOS";
			};
			name = Debug;
		};
		F57E5BBE2ABA579E00145328 /* Release */ = {
			isa = XCBuildConfiguration;
			buildSettings = {
				ALWAYS_EMBED_SWIFT_STANDARD_LIBRARIES = YES;
				CODE_SIGN_STYLE = Automatic;
				CURRENT_PROJECT_VERSION = 1;
				DEVELOPMENT_TEAM = 8WLH83G2DS;
				GENERATE_INFOPLIST_FILE = YES;
				MARKETING_VERSION = 1.0;
				PRODUCT_BUNDLE_IDENTIFIER = "com.conestoga.Lab2-iOSUITests";
				PRODUCT_NAME = "$(TARGET_NAME)";
				SWIFT_EMIT_LOC_STRINGS = NO;
				SWIFT_VERSION = 5.0;
				TARGETED_DEVICE_FAMILY = "1,2";
				TEST_TARGET_NAME = "Lab2-iOS";
			};
			name = Release;
		};
/* End XCBuildConfiguration section */

/* Begin XCConfigurationList section */
		F57E5B872ABA579C00145328 /* Build configuration list for PBXProject "Lab2-iOS" */ = {
			isa = XCConfigurationList;
			buildConfigurations = (
				F57E5BB42ABA579E00145328 /* Debug */,
				F57E5BB52ABA579E00145328 /* Release */,
			);
			defaultConfigurationIsVisible = 0;
			defaultConfigurationName = Release;
		};
		F57E5BB62ABA579E00145328 /* Build configuration list for PBXNativeTarget "Lab2-iOS" */ = {
			isa = XCConfigurationList;
			buildConfigurations = (
				F57E5BB72ABA579E00145328 /* Debug */,
				F57E5BB82ABA579E00145328 /* Release */,
			);
			defaultConfigurationIsVisible = 0;
			defaultConfigurationName = Release;
		};
		F57E5BB92ABA579E00145328 /* Build configuration list for PBXNativeTarget "Lab2-iOSTests" */ = {
			isa = XCConfigurationList;
			buildConfigurations = (
				F57E5BBA2ABA579E00145328 /* Debug */,
				F57E5BBB2ABA579E00145328 /* Release */,
			);
			defaultConfigurationIsVisible = 0;
			defaultConfigurationName = Release;
		};
		F57E5BBC2ABA579E00145328 /* Build configuration list for PBXNativeTarget "Lab2-iOSUITests" */ = {
			isa = XCConfigurationList;
			buildConfigurations = (
				F57E5BBD2ABA579E00145328 /* Debug */,
				F57E5BBE2ABA579E00145328 /* Release */,
			);
			defaultConfigurationIsVisible = 0;
			defaultConfigurationName = Release;
		};
/* End XCConfigurationList section */
	};
	rootObject = F57E5B842ABA579C00145328 /* Project object */;
}
